// !$*UTF8*$!
{
	archiveVersion = 1;
	classes = {
	};
	objectVersion = 56;
	objects = {

/* Begin PBXBuildFile section */
		3361A9862AB8450300BC18F7 /* SearchBarTableViewCell.swift in Sources */ = {isa = PBXBuildFile; fileRef = 3361A9852AB8450300BC18F7 /* SearchBarTableViewCell.swift */; };
		3361A9882AB8452900BC18F7 /* SearchViewModel.swift in Sources */ = {isa = PBXBuildFile; fileRef = 3361A9872AB8452900BC18F7 /* SearchViewModel.swift */; };
		33FC59752AB7999F0008CEB2 /* AppDelegate.swift in Sources */ = {isa = PBXBuildFile; fileRef = 33FC59742AB7999F0008CEB2 /* AppDelegate.swift */; };
		33FC59772AB7999F0008CEB2 /* SceneDelegate.swift in Sources */ = {isa = PBXBuildFile; fileRef = 33FC59762AB7999F0008CEB2 /* SceneDelegate.swift */; };
		33FC597E2AB799A20008CEB2 /* Assets.xcassets in Resources */ = {isa = PBXBuildFile; fileRef = 33FC597D2AB799A20008CEB2 /* Assets.xcassets */; };
		33FC59812AB799A20008CEB2 /* LaunchScreen.storyboard in Resources */ = {isa = PBXBuildFile; fileRef = 33FC597F2AB799A20008CEB2 /* LaunchScreen.storyboard */; };
		33FC598C2AB79A820008CEB2 /* HomeViewController.swift in Sources */ = {isa = PBXBuildFile; fileRef = 33FC598B2AB79A820008CEB2 /* HomeViewController.swift */; };
		33FC598E2AB79A990008CEB2 /* HomeViewController.storyboard in Resources */ = {isa = PBXBuildFile; fileRef = 33FC598D2AB79A990008CEB2 /* HomeViewController.storyboard */; };
		33FC59912AB79C3F0008CEB2 /* SearchViewController.swift in Sources */ = {isa = PBXBuildFile; fileRef = 33FC59902AB79C3F0008CEB2 /* SearchViewController.swift */; };
		33FC59942AB79C4B0008CEB2 /* SavedViewController.swift in Sources */ = {isa = PBXBuildFile; fileRef = 33FC59932AB79C4B0008CEB2 /* SavedViewController.swift */; };
		33FC59972AB79C5C0008CEB2 /* ProfileViewController.swift in Sources */ = {isa = PBXBuildFile; fileRef = 33FC59962AB79C5C0008CEB2 /* ProfileViewController.swift */; };
		33FC599A2AB79DD60008CEB2 /* TabBarController.swift in Sources */ = {isa = PBXBuildFile; fileRef = 33FC59992AB79DD60008CEB2 /* TabBarController.swift */; };
		33FC599D2AB79E180008CEB2 /* OnboardingViewController.swift in Sources */ = {isa = PBXBuildFile; fileRef = 33FC599C2AB79E180008CEB2 /* OnboardingViewController.swift */; };
		33FC59A02AB79E890008CEB2 /* Lottie in Frameworks */ = {isa = PBXBuildFile; productRef = 33FC599F2AB79E890008CEB2 /* Lottie */; };
		33FC59A22AB79EB90008CEB2 /* OnboardingViewController.storyboard in Resources */ = {isa = PBXBuildFile; fileRef = 33FC59A12AB79EB90008CEB2 /* OnboardingViewController.storyboard */; };
		33FC59A52AB79EFD0008CEB2 /* LoginViewController.swift in Sources */ = {isa = PBXBuildFile; fileRef = 33FC59A42AB79EFD0008CEB2 /* LoginViewController.swift */; };
		33FC59A72AB79F060008CEB2 /* LoginViewController.storyboard in Resources */ = {isa = PBXBuildFile; fileRef = 33FC59A62AB79F060008CEB2 /* LoginViewController.storyboard */; };
		33FC59AA2AB79F5D0008CEB2 /* UserDefaults+.swift in Sources */ = {isa = PBXBuildFile; fileRef = 33FC59A92AB79F5D0008CEB2 /* UserDefaults+.swift */; };
		33FC59AD2AB79FAA0008CEB2 /* OnboardingCollectionViewCell.swift in Sources */ = {isa = PBXBuildFile; fileRef = 33FC59AC2AB79FAA0008CEB2 /* OnboardingCollectionViewCell.swift */; };
		33FC59B02AB7A0BE0008CEB2 /* world.json in Resources */ = {isa = PBXBuildFile; fileRef = 33FC59AF2AB7A0BE0008CEB2 /* world.json */; };
		33FC59B52AB7A0D20008CEB2 /* tick.json in Resources */ = {isa = PBXBuildFile; fileRef = 33FC59B12AB7A0D10008CEB2 /* tick.json */; };
		33FC59B62AB7A0D20008CEB2 /* signUp.json in Resources */ = {isa = PBXBuildFile; fileRef = 33FC59B22AB7A0D10008CEB2 /* signUp.json */; };
		33FC59B72AB7A0D20008CEB2 /* newspaper.json in Resources */ = {isa = PBXBuildFile; fileRef = 33FC59B32AB7A0D20008CEB2 /* newspaper.json */; };
		33FC59B82AB7A0D20008CEB2 /* phone.json in Resources */ = {isa = PBXBuildFile; fileRef = 33FC59B42AB7A0D20008CEB2 /* phone.json */; };
		33FC59BA2AB7A0DC0008CEB2 /* greeting.json in Resources */ = {isa = PBXBuildFile; fileRef = 33FC59B92AB7A0DB0008CEB2 /* greeting.json */; };
		33FC59BC2AB7A0F70008CEB2 /* login.json in Resources */ = {isa = PBXBuildFile; fileRef = 33FC59BB2AB7A0F70008CEB2 /* login.json */; };
		33FC59BE2AB7A1FF0008CEB2 /* UITextField+.swift in Sources */ = {isa = PBXBuildFile; fileRef = 33FC59BD2AB7A1FF0008CEB2 /* UITextField+.swift */; };
		33FC59C12AB7A2CB0008CEB2 /* SignUpViewController.swift in Sources */ = {isa = PBXBuildFile; fileRef = 33FC59C02AB7A2CB0008CEB2 /* SignUpViewController.swift */; };
		33FC59C32AB7A2D60008CEB2 /* SignUpViewController.storyboard in Resources */ = {isa = PBXBuildFile; fileRef = 33FC59C22AB7A2D60008CEB2 /* SignUpViewController.storyboard */; };
		33FC59C52AB7A3230008CEB2 /* AuthErrorCode+.swift in Sources */ = {isa = PBXBuildFile; fileRef = 33FC59C42AB7A3230008CEB2 /* AuthErrorCode+.swift */; };
		33FC59C72AB7A3370008CEB2 /* UIImageView+.swift in Sources */ = {isa = PBXBuildFile; fileRef = 33FC59C62AB7A3370008CEB2 /* UIImageView+.swift */; };
		33FC59C92AB7A3530008CEB2 /* UIViewController+.swift in Sources */ = {isa = PBXBuildFile; fileRef = 33FC59C82AB7A3530008CEB2 /* UIViewController+.swift */; };
		33FC59CC2AB7A3CE0008CEB2 /* FirebaseAuth in Frameworks */ = {isa = PBXBuildFile; productRef = 33FC59CB2AB7A3CE0008CEB2 /* FirebaseAuth */; };
		33FC59CE2AB7A3CE0008CEB2 /* FirebaseFirestore in Frameworks */ = {isa = PBXBuildFile; productRef = 33FC59CD2AB7A3CE0008CEB2 /* FirebaseFirestore */; };
		33FC59D02AB7A6AB0008CEB2 /* GoogleService-Info.plist in Resources */ = {isa = PBXBuildFile; fileRef = 33FC59CF2AB7A6AB0008CEB2 /* GoogleService-Info.plist */; };
		33FC59D32AB7A7D80008CEB2 /* IQKeyboardManagerSwift in Frameworks */ = {isa = PBXBuildFile; productRef = 33FC59D22AB7A7D80008CEB2 /* IQKeyboardManagerSwift */; };
		33FC59D62AB7A7FA0008CEB2 /* SDWebImage in Frameworks */ = {isa = PBXBuildFile; productRef = 33FC59D52AB7A7FA0008CEB2 /* SDWebImage */; };
		33FC59D92AB7AA130008CEB2 /* SideMenu in Frameworks */ = {isa = PBXBuildFile; productRef = 33FC59D82AB7AA130008CEB2 /* SideMenu */; };
		33FC59DC2AB7ABE50008CEB2 /* HomeCollectionViewCell.swift in Sources */ = {isa = PBXBuildFile; fileRef = 33FC59DB2AB7ABE50008CEB2 /* HomeCollectionViewCell.swift */; };
		33FC59DF2AB7AC650008CEB2 /* MenuListController.swift in Sources */ = {isa = PBXBuildFile; fileRef = 33FC59DE2AB7AC650008CEB2 /* MenuListController.swift */; };
		33FC59E12AB7AD6D0008CEB2 /* HomeViewModel.swift in Sources */ = {isa = PBXBuildFile; fileRef = 33FC59E02AB7AD6D0008CEB2 /* HomeViewModel.swift */; };
		33FC59E42AB7ADC30008CEB2 /* NewsModel.swift in Sources */ = {isa = PBXBuildFile; fileRef = 33FC59E32AB7ADC30008CEB2 /* NewsModel.swift */; };
		33FC59E72AB7ADEA0008CEB2 /* NetworkManager.swift in Sources */ = {isa = PBXBuildFile; fileRef = 33FC59E62AB7ADEA0008CEB2 /* NetworkManager.swift */; };
		33FC59EA2AB7B6D60008CEB2 /* DetailViewController.swift in Sources */ = {isa = PBXBuildFile; fileRef = 33FC59E92AB7B6D60008CEB2 /* DetailViewController.swift */; };
		33FC59EC2AB7B7B60008CEB2 /* DetailViewModel.swift in Sources */ = {isa = PBXBuildFile; fileRef = 33FC59EB2AB7B7B60008CEB2 /* DetailViewModel.swift */; };
		33FC59EF2AB7BC0F0008CEB2 /* DetailLinkViewController.swift in Sources */ = {isa = PBXBuildFile; fileRef = 33FC59EE2AB7BC0F0008CEB2 /* DetailLinkViewController.swift */; };
/* End PBXBuildFile section */

/* Begin PBXFileReference section */
		3361A9852AB8450300BC18F7 /* SearchBarTableViewCell.swift */ = {isa = PBXFileReference; lastKnownFileType = sourcecode.swift; path = SearchBarTableViewCell.swift; sourceTree = "<group>"; };
		3361A9872AB8452900BC18F7 /* SearchViewModel.swift */ = {isa = PBXFileReference; lastKnownFileType = sourcecode.swift; path = SearchViewModel.swift; sourceTree = "<group>"; };
		33FC59712AB7999F0008CEB2 /* News.app */ = {isa = PBXFileReference; explicitFileType = wrapper.application; includeInIndex = 0; path = News.app; sourceTree = BUILT_PRODUCTS_DIR; };
		33FC59742AB7999F0008CEB2 /* AppDelegate.swift */ = {isa = PBXFileReference; lastKnownFileType = sourcecode.swift; path = AppDelegate.swift; sourceTree = "<group>"; };
		33FC59762AB7999F0008CEB2 /* SceneDelegate.swift */ = {isa = PBXFileReference; lastKnownFileType = sourcecode.swift; path = SceneDelegate.swift; sourceTree = "<group>"; };
		33FC597D2AB799A20008CEB2 /* Assets.xcassets */ = {isa = PBXFileReference; lastKnownFileType = folder.assetcatalog; path = Assets.xcassets; sourceTree = "<group>"; };
		33FC59802AB799A20008CEB2 /* Base */ = {isa = PBXFileReference; lastKnownFileType = file.storyboard; name = Base; path = Base.lproj/LaunchScreen.storyboard; sourceTree = "<group>"; };
		33FC59822AB799A20008CEB2 /* Info.plist */ = {isa = PBXFileReference; lastKnownFileType = text.plist.xml; path = Info.plist; sourceTree = "<group>"; };
		33FC598B2AB79A820008CEB2 /* HomeViewController.swift */ = {isa = PBXFileReference; lastKnownFileType = sourcecode.swift; path = HomeViewController.swift; sourceTree = "<group>"; };
		33FC598D2AB79A990008CEB2 /* HomeViewController.storyboard */ = {isa = PBXFileReference; lastKnownFileType = file.storyboard; path = HomeViewController.storyboard; sourceTree = "<group>"; };
		33FC59902AB79C3F0008CEB2 /* SearchViewController.swift */ = {isa = PBXFileReference; lastKnownFileType = sourcecode.swift; path = SearchViewController.swift; sourceTree = "<group>"; };
		33FC59932AB79C4B0008CEB2 /* SavedViewController.swift */ = {isa = PBXFileReference; lastKnownFileType = sourcecode.swift; path = SavedViewController.swift; sourceTree = "<group>"; };
		33FC59962AB79C5C0008CEB2 /* ProfileViewController.swift */ = {isa = PBXFileReference; lastKnownFileType = sourcecode.swift; path = ProfileViewController.swift; sourceTree = "<group>"; };
		33FC59992AB79DD60008CEB2 /* TabBarController.swift */ = {isa = PBXFileReference; lastKnownFileType = sourcecode.swift; path = TabBarController.swift; sourceTree = "<group>"; };
		33FC599C2AB79E180008CEB2 /* OnboardingViewController.swift */ = {isa = PBXFileReference; lastKnownFileType = sourcecode.swift; path = OnboardingViewController.swift; sourceTree = "<group>"; };
		33FC59A12AB79EB90008CEB2 /* OnboardingViewController.storyboard */ = {isa = PBXFileReference; lastKnownFileType = file.storyboard; path = OnboardingViewController.storyboard; sourceTree = "<group>"; };
		33FC59A42AB79EFD0008CEB2 /* LoginViewController.swift */ = {isa = PBXFileReference; lastKnownFileType = sourcecode.swift; path = LoginViewController.swift; sourceTree = "<group>"; };
		33FC59A62AB79F060008CEB2 /* LoginViewController.storyboard */ = {isa = PBXFileReference; lastKnownFileType = file.storyboard; path = LoginViewController.storyboard; sourceTree = "<group>"; };
		33FC59A92AB79F5D0008CEB2 /* UserDefaults+.swift */ = {isa = PBXFileReference; lastKnownFileType = sourcecode.swift; path = "UserDefaults+.swift"; sourceTree = "<group>"; };
		33FC59AC2AB79FAA0008CEB2 /* OnboardingCollectionViewCell.swift */ = {isa = PBXFileReference; lastKnownFileType = sourcecode.swift; path = OnboardingCollectionViewCell.swift; sourceTree = "<group>"; };
		33FC59AF2AB7A0BE0008CEB2 /* world.json */ = {isa = PBXFileReference; fileEncoding = 4; lastKnownFileType = text.json; path = world.json; sourceTree = "<group>"; };
		33FC59B12AB7A0D10008CEB2 /* tick.json */ = {isa = PBXFileReference; fileEncoding = 4; lastKnownFileType = text.json; path = tick.json; sourceTree = "<group>"; };
		33FC59B22AB7A0D10008CEB2 /* signUp.json */ = {isa = PBXFileReference; fileEncoding = 4; lastKnownFileType = text.json; path = signUp.json; sourceTree = "<group>"; };
		33FC59B32AB7A0D20008CEB2 /* newspaper.json */ = {isa = PBXFileReference; fileEncoding = 4; lastKnownFileType = text.json; path = newspaper.json; sourceTree = "<group>"; };
		33FC59B42AB7A0D20008CEB2 /* phone.json */ = {isa = PBXFileReference; fileEncoding = 4; lastKnownFileType = text.json; path = phone.json; sourceTree = "<group>"; };
		33FC59B92AB7A0DB0008CEB2 /* greeting.json */ = {isa = PBXFileReference; fileEncoding = 4; lastKnownFileType = text.json; path = greeting.json; sourceTree = "<group>"; };
		33FC59BB2AB7A0F70008CEB2 /* login.json */ = {isa = PBXFileReference; fileEncoding = 4; lastKnownFileType = text.json; path = login.json; sourceTree = "<group>"; };
		33FC59BD2AB7A1FF0008CEB2 /* UITextField+.swift */ = {isa = PBXFileReference; lastKnownFileType = sourcecode.swift; path = "UITextField+.swift"; sourceTree = "<group>"; };
		33FC59C02AB7A2CB0008CEB2 /* SignUpViewController.swift */ = {isa = PBXFileReference; lastKnownFileType = sourcecode.swift; path = SignUpViewController.swift; sourceTree = "<group>"; };
		33FC59C22AB7A2D60008CEB2 /* SignUpViewController.storyboard */ = {isa = PBXFileReference; lastKnownFileType = file.storyboard; path = SignUpViewController.storyboard; sourceTree = "<group>"; };
		33FC59C42AB7A3230008CEB2 /* AuthErrorCode+.swift */ = {isa = PBXFileReference; lastKnownFileType = sourcecode.swift; path = "AuthErrorCode+.swift"; sourceTree = "<group>"; };
		33FC59C62AB7A3370008CEB2 /* UIImageView+.swift */ = {isa = PBXFileReference; lastKnownFileType = sourcecode.swift; path = "UIImageView+.swift"; sourceTree = "<group>"; };
		33FC59C82AB7A3530008CEB2 /* UIViewController+.swift */ = {isa = PBXFileReference; lastKnownFileType = sourcecode.swift; path = "UIViewController+.swift"; sourceTree = "<group>"; };
		33FC59CF2AB7A6AB0008CEB2 /* GoogleService-Info.plist */ = {isa = PBXFileReference; fileEncoding = 4; lastKnownFileType = text.plist.xml; path = "GoogleService-Info.plist"; sourceTree = "<group>"; };
		33FC59DB2AB7ABE50008CEB2 /* HomeCollectionViewCell.swift */ = {isa = PBXFileReference; lastKnownFileType = sourcecode.swift; path = HomeCollectionViewCell.swift; sourceTree = "<group>"; };
		33FC59DE2AB7AC650008CEB2 /* MenuListController.swift */ = {isa = PBXFileReference; lastKnownFileType = sourcecode.swift; path = MenuListController.swift; sourceTree = "<group>"; };
		33FC59E02AB7AD6D0008CEB2 /* HomeViewModel.swift */ = {isa = PBXFileReference; lastKnownFileType = sourcecode.swift; path = HomeViewModel.swift; sourceTree = "<group>"; };
		33FC59E32AB7ADC30008CEB2 /* NewsModel.swift */ = {isa = PBXFileReference; lastKnownFileType = sourcecode.swift; path = NewsModel.swift; sourceTree = "<group>"; };
		33FC59E62AB7ADEA0008CEB2 /* NetworkManager.swift */ = {isa = PBXFileReference; lastKnownFileType = sourcecode.swift; path = NetworkManager.swift; sourceTree = "<group>"; };
		33FC59E92AB7B6D60008CEB2 /* DetailViewController.swift */ = {isa = PBXFileReference; lastKnownFileType = sourcecode.swift; path = DetailViewController.swift; sourceTree = "<group>"; };
		33FC59EB2AB7B7B60008CEB2 /* DetailViewModel.swift */ = {isa = PBXFileReference; lastKnownFileType = sourcecode.swift; path = DetailViewModel.swift; sourceTree = "<group>"; };
		33FC59EE2AB7BC0F0008CEB2 /* DetailLinkViewController.swift */ = {isa = PBXFileReference; lastKnownFileType = sourcecode.swift; path = DetailLinkViewController.swift; sourceTree = "<group>"; };
/* End PBXFileReference section */

/* Begin PBXFrameworksBuildPhase section */
		33FC596E2AB7999F0008CEB2 /* Frameworks */ = {
			isa = PBXFrameworksBuildPhase;
			buildActionMask = 2147483647;
			files = (
				33FC59A02AB79E890008CEB2 /* Lottie in Frameworks */,
				33FC59D32AB7A7D80008CEB2 /* IQKeyboardManagerSwift in Frameworks */,
				33FC59CC2AB7A3CE0008CEB2 /* FirebaseAuth in Frameworks */,
				33FC59CE2AB7A3CE0008CEB2 /* FirebaseFirestore in Frameworks */,
				33FC59D92AB7AA130008CEB2 /* SideMenu in Frameworks */,
				33FC59D62AB7A7FA0008CEB2 /* SDWebImage in Frameworks */,
			);
			runOnlyForDeploymentPostprocessing = 0;
		};
/* End PBXFrameworksBuildPhase section */

/* Begin PBXGroup section */
		3361A9842AB844FA00BC18F7 /* _components */ = {
			isa = PBXGroup;
			children = (
				3361A9852AB8450300BC18F7 /* SearchBarTableViewCell.swift */,
			);
			path = _components;
			sourceTree = "<group>";
		};
		33FC59682AB7999F0008CEB2 = {
			isa = PBXGroup;
			children = (
				33FC59732AB7999F0008CEB2 /* News */,
				33FC59722AB7999F0008CEB2 /* Products */,
			);
			sourceTree = "<group>";
		};
		33FC59722AB7999F0008CEB2 /* Products */ = {
			isa = PBXGroup;
			children = (
				33FC59712AB7999F0008CEB2 /* News.app */,
			);
			name = Products;
			sourceTree = "<group>";
		};
		33FC59732AB7999F0008CEB2 /* News */ = {
			isa = PBXGroup;
			children = (
				33FC59E52AB7ADDD0008CEB2 /* Network Layer */,
				33FC59E22AB7ADB20008CEB2 /* Model */,
				33FC599B2AB79E0A0008CEB2 /* Onboarding Page */,
				33FC59BF2AB7A2BB0008CEB2 /* Sign Up Page */,
				33FC59A32AB79EF50008CEB2 /* Login Page */,
				33FC59982AB79DCB0008CEB2 /* TabBar */,
				33FC59DD2AB7AC4D0008CEB2 /* Menu List  */,
				33FC598A2AB79A6D0008CEB2 /* Home Page */,
				33FC59E82AB7B6C50008CEB2 /* Detail Page */,
				33FC598F2AB79C2F0008CEB2 /* Search Page */,
				33FC59922AB79C430008CEB2 /* Saved Page */,
				33FC59952AB79C4F0008CEB2 /* Profile Page */,
				33FC59AE2AB7A09F0008CEB2 /* Lottie Animations */,
				33FC59A82AB79F4F0008CEB2 /* Extensions */,
				33FC59892AB79A380008CEB2 /* Application */,
				33FC59882AB79A270008CEB2 /* Resources */,
			);
			path = News;
			sourceTree = "<group>";
		};
		33FC59882AB79A270008CEB2 /* Resources */ = {
			isa = PBXGroup;
			children = (
				33FC597D2AB799A20008CEB2 /* Assets.xcassets */,
				33FC597F2AB799A20008CEB2 /* LaunchScreen.storyboard */,
				33FC59CF2AB7A6AB0008CEB2 /* GoogleService-Info.plist */,
				33FC59822AB799A20008CEB2 /* Info.plist */,
			);
			path = Resources;
			sourceTree = "<group>";
		};
		33FC59892AB79A380008CEB2 /* Application */ = {
			isa = PBXGroup;
			children = (
				33FC59742AB7999F0008CEB2 /* AppDelegate.swift */,
				33FC59762AB7999F0008CEB2 /* SceneDelegate.swift */,
			);
			path = Application;
			sourceTree = "<group>";
		};
		33FC598A2AB79A6D0008CEB2 /* Home Page */ = {
			isa = PBXGroup;
			children = (
				33FC59DA2AB7ABCB0008CEB2 /* _components */,
				33FC598B2AB79A820008CEB2 /* HomeViewController.swift */,
				33FC598D2AB79A990008CEB2 /* HomeViewController.storyboard */,
			);
			path = "Home Page";
			sourceTree = "<group>";
		};
		33FC598F2AB79C2F0008CEB2 /* Search Page */ = {
			isa = PBXGroup;
			children = (
				3361A9842AB844FA00BC18F7 /* _components */,
				33FC59902AB79C3F0008CEB2 /* SearchViewController.swift */,
				3361A9872AB8452900BC18F7 /* SearchViewModel.swift */,
			);
			path = "Search Page";
			sourceTree = "<group>";
		};
		33FC59922AB79C430008CEB2 /* Saved Page */ = {
			isa = PBXGroup;
			children = (
				33FC59932AB79C4B0008CEB2 /* SavedViewController.swift */,
			);
			path = "Saved Page";
			sourceTree = "<group>";
		};
		33FC59952AB79C4F0008CEB2 /* Profile Page */ = {
			isa = PBXGroup;
			children = (
				33FC59962AB79C5C0008CEB2 /* ProfileViewController.swift */,
			);
			path = "Profile Page";
			sourceTree = "<group>";
		};
		33FC59982AB79DCB0008CEB2 /* TabBar */ = {
			isa = PBXGroup;
			children = (
				33FC59992AB79DD60008CEB2 /* TabBarController.swift */,
			);
			path = TabBar;
			sourceTree = "<group>";
		};
		33FC599B2AB79E0A0008CEB2 /* Onboarding Page */ = {
			isa = PBXGroup;
			children = (
				33FC59AB2AB79FA10008CEB2 /* _components */,
				33FC599C2AB79E180008CEB2 /* OnboardingViewController.swift */,
				33FC59A12AB79EB90008CEB2 /* OnboardingViewController.storyboard */,
			);
			path = "Onboarding Page";
			sourceTree = "<group>";
		};
		33FC59A32AB79EF50008CEB2 /* Login Page */ = {
			isa = PBXGroup;
			children = (
				33FC59A42AB79EFD0008CEB2 /* LoginViewController.swift */,
				33FC59A62AB79F060008CEB2 /* LoginViewController.storyboard */,
			);
			path = "Login Page";
			sourceTree = "<group>";
		};
		33FC59A82AB79F4F0008CEB2 /* Extensions */ = {
			isa = PBXGroup;
			children = (
				33FC59A92AB79F5D0008CEB2 /* UserDefaults+.swift */,
				33FC59BD2AB7A1FF0008CEB2 /* UITextField+.swift */,
				33FC59C42AB7A3230008CEB2 /* AuthErrorCode+.swift */,
				33FC59C62AB7A3370008CEB2 /* UIImageView+.swift */,
				33FC59C82AB7A3530008CEB2 /* UIViewController+.swift */,
			);
			path = Extensions;
			sourceTree = "<group>";
		};
		33FC59AB2AB79FA10008CEB2 /* _components */ = {
			isa = PBXGroup;
			children = (
				33FC59AC2AB79FAA0008CEB2 /* OnboardingCollectionViewCell.swift */,
			);
			path = _components;
			sourceTree = "<group>";
		};
		33FC59AE2AB7A09F0008CEB2 /* Lottie Animations */ = {
			isa = PBXGroup;
			children = (
				33FC59B92AB7A0DB0008CEB2 /* greeting.json */,
				33FC59BB2AB7A0F70008CEB2 /* login.json */,
				33FC59B32AB7A0D20008CEB2 /* newspaper.json */,
				33FC59B42AB7A0D20008CEB2 /* phone.json */,
				33FC59B22AB7A0D10008CEB2 /* signUp.json */,
				33FC59B12AB7A0D10008CEB2 /* tick.json */,
				33FC59AF2AB7A0BE0008CEB2 /* world.json */,
			);
			path = "Lottie Animations";
			sourceTree = "<group>";
		};
		33FC59BF2AB7A2BB0008CEB2 /* Sign Up Page */ = {
			isa = PBXGroup;
			children = (
				33FC59C02AB7A2CB0008CEB2 /* SignUpViewController.swift */,
				33FC59C22AB7A2D60008CEB2 /* SignUpViewController.storyboard */,
			);
			path = "Sign Up Page";
			sourceTree = "<group>";
		};
		33FC59DA2AB7ABCB0008CEB2 /* _components */ = {
			isa = PBXGroup;
			children = (
				33FC59DB2AB7ABE50008CEB2 /* HomeCollectionViewCell.swift */,
				33FC59E02AB7AD6D0008CEB2 /* HomeViewModel.swift */,
			);
			path = _components;
			sourceTree = "<group>";
		};
		33FC59DD2AB7AC4D0008CEB2 /* Menu List  */ = {
			isa = PBXGroup;
			children = (
				33FC59DE2AB7AC650008CEB2 /* MenuListController.swift */,
			);
			path = "Menu List ";
			sourceTree = "<group>";
		};
		33FC59E22AB7ADB20008CEB2 /* Model */ = {
			isa = PBXGroup;
			children = (
				33FC59E32AB7ADC30008CEB2 /* NewsModel.swift */,
			);
			path = Model;
			sourceTree = "<group>";
		};
		33FC59E52AB7ADDD0008CEB2 /* Network Layer */ = {
			isa = PBXGroup;
			children = (
				33FC59E62AB7ADEA0008CEB2 /* NetworkManager.swift */,
			);
			path = "Network Layer";
			sourceTree = "<group>";
		};
		33FC59E82AB7B6C50008CEB2 /* Detail Page */ = {
			isa = PBXGroup;
			children = (
				33FC59ED2AB7BC000008CEB2 /* _components */,
				33FC59E92AB7B6D60008CEB2 /* DetailViewController.swift */,
				33FC59EB2AB7B7B60008CEB2 /* DetailViewModel.swift */,
			);
			path = "Detail Page";
			sourceTree = "<group>";
		};
		33FC59ED2AB7BC000008CEB2 /* _components */ = {
			isa = PBXGroup;
			children = (
				33FC59EE2AB7BC0F0008CEB2 /* DetailLinkViewController.swift */,
			);
			path = _components;
			sourceTree = "<group>";
		};
/* End PBXGroup section */

/* Begin PBXNativeTarget section */
		33FC59702AB7999F0008CEB2 /* News */ = {
			isa = PBXNativeTarget;
			buildConfigurationList = 33FC59852AB799A20008CEB2 /* Build configuration list for PBXNativeTarget "News" */;
			buildPhases = (
				33FC596D2AB7999F0008CEB2 /* Sources */,
				33FC596E2AB7999F0008CEB2 /* Frameworks */,
				33FC596F2AB7999F0008CEB2 /* Resources */,
			);
			buildRules = (
			);
			dependencies = (
			);
			name = News;
			packageProductDependencies = (
				33FC599F2AB79E890008CEB2 /* Lottie */,
				33FC59CB2AB7A3CE0008CEB2 /* FirebaseAuth */,
				33FC59CD2AB7A3CE0008CEB2 /* FirebaseFirestore */,
				33FC59D22AB7A7D80008CEB2 /* IQKeyboardManagerSwift */,
				33FC59D52AB7A7FA0008CEB2 /* SDWebImage */,
				33FC59D82AB7AA130008CEB2 /* SideMenu */,
			);
			productName = News;
			productReference = 33FC59712AB7999F0008CEB2 /* News.app */;
			productType = "com.apple.product-type.application";
		};
/* End PBXNativeTarget section */

/* Begin PBXProject section */
		33FC59692AB7999F0008CEB2 /* Project object */ = {
			isa = PBXProject;
			attributes = {
				BuildIndependentTargetsInParallel = 1;
				LastSwiftUpdateCheck = 1430;
				LastUpgradeCheck = 1430;
				TargetAttributes = {
					33FC59702AB7999F0008CEB2 = {
						CreatedOnToolsVersion = 14.3.1;
					};
				};
			};
			buildConfigurationList = 33FC596C2AB7999F0008CEB2 /* Build configuration list for PBXProject "News" */;
			compatibilityVersion = "Xcode 14.0";
			developmentRegion = en;
			hasScannedForEncodings = 0;
			knownRegions = (
				en,
				Base,
			);
			mainGroup = 33FC59682AB7999F0008CEB2;
			packageReferences = (
				33FC599E2AB79E890008CEB2 /* XCRemoteSwiftPackageReference "lottie-ios" */,
				33FC59CA2AB7A3CE0008CEB2 /* XCRemoteSwiftPackageReference "firebase-ios-sdk" */,
				33FC59D12AB7A7D80008CEB2 /* XCRemoteSwiftPackageReference "IQKeyboardManager" */,
				33FC59D42AB7A7FA0008CEB2 /* XCRemoteSwiftPackageReference "SDWebImage" */,
				33FC59D72AB7AA130008CEB2 /* XCRemoteSwiftPackageReference "SideMenu" */,
			);
			productRefGroup = 33FC59722AB7999F0008CEB2 /* Products */;
			projectDirPath = "";
			projectRoot = "";
			targets = (
				33FC59702AB7999F0008CEB2 /* News */,
			);
		};
/* End PBXProject section */

/* Begin PBXResourcesBuildPhase section */
		33FC596F2AB7999F0008CEB2 /* Resources */ = {
			isa = PBXResourcesBuildPhase;
			buildActionMask = 2147483647;
			files = (
				33FC59B82AB7A0D20008CEB2 /* phone.json in Resources */,
				33FC59B02AB7A0BE0008CEB2 /* world.json in Resources */,
				33FC59B62AB7A0D20008CEB2 /* signUp.json in Resources */,
				33FC59A22AB79EB90008CEB2 /* OnboardingViewController.storyboard in Resources */,
				33FC59D02AB7A6AB0008CEB2 /* GoogleService-Info.plist in Resources */,
				33FC59B52AB7A0D20008CEB2 /* tick.json in Resources */,
				33FC59C32AB7A2D60008CEB2 /* SignUpViewController.storyboard in Resources */,
				33FC59BA2AB7A0DC0008CEB2 /* greeting.json in Resources */,
				33FC59812AB799A20008CEB2 /* LaunchScreen.storyboard in Resources */,
				33FC59B72AB7A0D20008CEB2 /* newspaper.json in Resources */,
				33FC59A72AB79F060008CEB2 /* LoginViewController.storyboard in Resources */,
				33FC597E2AB799A20008CEB2 /* Assets.xcassets in Resources */,
				33FC598E2AB79A990008CEB2 /* HomeViewController.storyboard in Resources */,
				33FC59BC2AB7A0F70008CEB2 /* login.json in Resources */,
			);
			runOnlyForDeploymentPostprocessing = 0;
		};
/* End PBXResourcesBuildPhase section */

/* Begin PBXSourcesBuildPhase section */
		33FC596D2AB7999F0008CEB2 /* Sources */ = {
			isa = PBXSourcesBuildPhase;
			buildActionMask = 2147483647;
			files = (
				33FC59E12AB7AD6D0008CEB2 /* HomeViewModel.swift in Sources */,
				33FC59EF2AB7BC0F0008CEB2 /* DetailLinkViewController.swift in Sources */,
				33FC59A52AB79EFD0008CEB2 /* LoginViewController.swift in Sources */,
				33FC59C72AB7A3370008CEB2 /* UIImageView+.swift in Sources */,
				33FC59E72AB7ADEA0008CEB2 /* NetworkManager.swift in Sources */,
				33FC59C52AB7A3230008CEB2 /* AuthErrorCode+.swift in Sources */,
				33FC59E42AB7ADC30008CEB2 /* NewsModel.swift in Sources */,
				33FC59972AB79C5C0008CEB2 /* ProfileViewController.swift in Sources */,
				33FC59AA2AB79F5D0008CEB2 /* UserDefaults+.swift in Sources */,
				33FC59752AB7999F0008CEB2 /* AppDelegate.swift in Sources */,
				33FC59772AB7999F0008CEB2 /* SceneDelegate.swift in Sources */,
				33FC599D2AB79E180008CEB2 /* OnboardingViewController.swift in Sources */,
				33FC59EC2AB7B7B60008CEB2 /* DetailViewModel.swift in Sources */,
				33FC59EA2AB7B6D60008CEB2 /* DetailViewController.swift in Sources */,
				33FC59912AB79C3F0008CEB2 /* SearchViewController.swift in Sources */,
				33FC599A2AB79DD60008CEB2 /* TabBarController.swift in Sources */,
				33FC59DC2AB7ABE50008CEB2 /* HomeCollectionViewCell.swift in Sources */,
				33FC59C92AB7A3530008CEB2 /* UIViewController+.swift in Sources */,
				3361A9882AB8452900BC18F7 /* SearchViewModel.swift in Sources */,
				33FC59942AB79C4B0008CEB2 /* SavedViewController.swift in Sources */,
				33FC598C2AB79A820008CEB2 /* HomeViewController.swift in Sources */,
				33FC59AD2AB79FAA0008CEB2 /* OnboardingCollectionViewCell.swift in Sources */,
				33FC59C12AB7A2CB0008CEB2 /* SignUpViewController.swift in Sources */,
				33FC59DF2AB7AC650008CEB2 /* MenuListController.swift in Sources */,
				33FC59BE2AB7A1FF0008CEB2 /* UITextField+.swift in Sources */,
				3361A9862AB8450300BC18F7 /* SearchBarTableViewCell.swift in Sources */,
			);
			runOnlyForDeploymentPostprocessing = 0;
		};
/* End PBXSourcesBuildPhase section */

/* Begin PBXVariantGroup section */
		33FC597F2AB799A20008CEB2 /* LaunchScreen.storyboard */ = {
			isa = PBXVariantGroup;
			children = (
				33FC59802AB799A20008CEB2 /* Base */,
			);
			name = LaunchScreen.storyboard;
			sourceTree = "<group>";
		};
/* End PBXVariantGroup section */

/* Begin XCBuildConfiguration section */
		33FC59832AB799A20008CEB2 /* Debug */ = {
			isa = XCBuildConfiguration;
			buildSettings = {
				ALWAYS_SEARCH_USER_PATHS = NO;
				CLANG_ANALYZER_NONNULL = YES;
				CLANG_ANALYZER_NUMBER_OBJECT_CONVERSION = YES_AGGRESSIVE;
				CLANG_CXX_LANGUAGE_STANDARD = "gnu++20";
				CLANG_ENABLE_MODULES = YES;
				CLANG_ENABLE_OBJC_ARC = YES;
				CLANG_ENABLE_OBJC_WEAK = YES;
				CLANG_WARN_BLOCK_CAPTURE_AUTORELEASING = YES;
				CLANG_WARN_BOOL_CONVERSION = YES;
				CLANG_WARN_COMMA = YES;
				CLANG_WARN_CONSTANT_CONVERSION = YES;
				CLANG_WARN_DEPRECATED_OBJC_IMPLEMENTATIONS = YES;
				CLANG_WARN_DIRECT_OBJC_ISA_USAGE = YES_ERROR;
				CLANG_WARN_DOCUMENTATION_COMMENTS = YES;
				CLANG_WARN_EMPTY_BODY = YES;
				CLANG_WARN_ENUM_CONVERSION = YES;
				CLANG_WARN_INFINITE_RECURSION = YES;
				CLANG_WARN_INT_CONVERSION = YES;
				CLANG_WARN_NON_LITERAL_NULL_CONVERSION = YES;
				CLANG_WARN_OBJC_IMPLICIT_RETAIN_SELF = YES;
				CLANG_WARN_OBJC_LITERAL_CONVERSION = YES;
				CLANG_WARN_OBJC_ROOT_CLASS = YES_ERROR;
				CLANG_WARN_QUOTED_INCLUDE_IN_FRAMEWORK_HEADER = YES;
				CLANG_WARN_RANGE_LOOP_ANALYSIS = YES;
				CLANG_WARN_STRICT_PROTOTYPES = YES;
				CLANG_WARN_SUSPICIOUS_MOVE = YES;
				CLANG_WARN_UNGUARDED_AVAILABILITY = YES_AGGRESSIVE;
				CLANG_WARN_UNREACHABLE_CODE = YES;
				CLANG_WARN__DUPLICATE_METHOD_MATCH = YES;
				COPY_PHASE_STRIP = NO;
				DEBUG_INFORMATION_FORMAT = dwarf;
				ENABLE_STRICT_OBJC_MSGSEND = YES;
				ENABLE_TESTABILITY = YES;
				GCC_C_LANGUAGE_STANDARD = gnu11;
				GCC_DYNAMIC_NO_PIC = NO;
				GCC_NO_COMMON_BLOCKS = YES;
				GCC_OPTIMIZATION_LEVEL = 0;
				GCC_PREPROCESSOR_DEFINITIONS = (
					"DEBUG=1",
					"$(inherited)",
				);
				GCC_WARN_64_TO_32_BIT_CONVERSION = YES;
				GCC_WARN_ABOUT_RETURN_TYPE = YES_ERROR;
				GCC_WARN_UNDECLARED_SELECTOR = YES;
				GCC_WARN_UNINITIALIZED_AUTOS = YES_AGGRESSIVE;
				GCC_WARN_UNUSED_FUNCTION = YES;
				GCC_WARN_UNUSED_VARIABLE = YES;
				IPHONEOS_DEPLOYMENT_TARGET = 16.4;
				MTL_ENABLE_DEBUG_INFO = INCLUDE_SOURCE;
				MTL_FAST_MATH = YES;
				ONLY_ACTIVE_ARCH = YES;
				SDKROOT = iphoneos;
				SWIFT_ACTIVE_COMPILATION_CONDITIONS = DEBUG;
				SWIFT_OPTIMIZATION_LEVEL = "-Onone";
			};
			name = Debug;
		};
		33FC59842AB799A20008CEB2 /* Release */ = {
			isa = XCBuildConfiguration;
			buildSettings = {
				ALWAYS_SEARCH_USER_PATHS = NO;
				CLANG_ANALYZER_NONNULL = YES;
				CLANG_ANALYZER_NUMBER_OBJECT_CONVERSION = YES_AGGRESSIVE;
				CLANG_CXX_LANGUAGE_STANDARD = "gnu++20";
				CLANG_ENABLE_MODULES = YES;
				CLANG_ENABLE_OBJC_ARC = YES;
				CLANG_ENABLE_OBJC_WEAK = YES;
				CLANG_WARN_BLOCK_CAPTURE_AUTORELEASING = YES;
				CLANG_WARN_BOOL_CONVERSION = YES;
				CLANG_WARN_COMMA = YES;
				CLANG_WARN_CONSTANT_CONVERSION = YES;
				CLANG_WARN_DEPRECATED_OBJC_IMPLEMENTATIONS = YES;
				CLANG_WARN_DIRECT_OBJC_ISA_USAGE = YES_ERROR;
				CLANG_WARN_DOCUMENTATION_COMMENTS = YES;
				CLANG_WARN_EMPTY_BODY = YES;
				CLANG_WARN_ENUM_CONVERSION = YES;
				CLANG_WARN_INFINITE_RECURSION = YES;
				CLANG_WARN_INT_CONVERSION = YES;
				CLANG_WARN_NON_LITERAL_NULL_CONVERSION = YES;
				CLANG_WARN_OBJC_IMPLICIT_RETAIN_SELF = YES;
				CLANG_WARN_OBJC_LITERAL_CONVERSION = YES;
				CLANG_WARN_OBJC_ROOT_CLASS = YES_ERROR;
				CLANG_WARN_QUOTED_INCLUDE_IN_FRAMEWORK_HEADER = YES;
				CLANG_WARN_RANGE_LOOP_ANALYSIS = YES;
				CLANG_WARN_STRICT_PROTOTYPES = YES;
				CLANG_WARN_SUSPICIOUS_MOVE = YES;
				CLANG_WARN_UNGUARDED_AVAILABILITY = YES_AGGRESSIVE;
				CLANG_WARN_UNREACHABLE_CODE = YES;
				CLANG_WARN__DUPLICATE_METHOD_MATCH = YES;
				COPY_PHASE_STRIP = NO;
				DEBUG_INFORMATION_FORMAT = "dwarf-with-dsym";
				ENABLE_NS_ASSERTIONS = NO;
				ENABLE_STRICT_OBJC_MSGSEND = YES;
				GCC_C_LANGUAGE_STANDARD = gnu11;
				GCC_NO_COMMON_BLOCKS = YES;
				GCC_WARN_64_TO_32_BIT_CONVERSION = YES;
				GCC_WARN_ABOUT_RETURN_TYPE = YES_ERROR;
				GCC_WARN_UNDECLARED_SELECTOR = YES;
				GCC_WARN_UNINITIALIZED_AUTOS = YES_AGGRESSIVE;
				GCC_WARN_UNUSED_FUNCTION = YES;
				GCC_WARN_UNUSED_VARIABLE = YES;
				IPHONEOS_DEPLOYMENT_TARGET = 16.4;
				MTL_ENABLE_DEBUG_INFO = NO;
				MTL_FAST_MATH = YES;
				SDKROOT = iphoneos;
				SWIFT_COMPILATION_MODE = wholemodule;
				SWIFT_OPTIMIZATION_LEVEL = "-O";
				VALIDATE_PRODUCT = YES;
			};
			name = Release;
		};
		33FC59862AB799A20008CEB2 /* Debug */ = {
			isa = XCBuildConfiguration;
			buildSettings = {
				ASSETCATALOG_COMPILER_APPICON_NAME = AppIcon;
				ASSETCATALOG_COMPILER_GLOBAL_ACCENT_COLOR_NAME = AccentColor;
				CODE_SIGN_STYLE = Automatic;
				CURRENT_PROJECT_VERSION = 1;
				GENERATE_INFOPLIST_FILE = YES;
				INFOPLIST_FILE = News/Resources/Info.plist;
				INFOPLIST_KEY_UIApplicationSupportsIndirectInputEvents = YES;
				INFOPLIST_KEY_UILaunchStoryboardName = LaunchScreen;
				INFOPLIST_KEY_UISupportedInterfaceOrientations_iPad = "UIInterfaceOrientationPortrait UIInterfaceOrientationPortraitUpsideDown UIInterfaceOrientationLandscapeLeft UIInterfaceOrientationLandscapeRight";
				INFOPLIST_KEY_UISupportedInterfaceOrientations_iPhone = "UIInterfaceOrientationPortrait UIInterfaceOrientationLandscapeLeft UIInterfaceOrientationLandscapeRight";
				LD_RUNPATH_SEARCH_PATHS = (
					"$(inherited)",
					"@executable_path/Frameworks",
				);
				MARKETING_VERSION = 1.0;
				PRODUCT_BUNDLE_IDENTIFIER = com.example.News;
				PRODUCT_NAME = "$(TARGET_NAME)";
				SWIFT_EMIT_LOC_STRINGS = YES;
				SWIFT_VERSION = 5.0;
				TARGETED_DEVICE_FAMILY = "1,2";
			};
			name = Debug;
		};
		33FC59872AB799A20008CEB2 /* Release */ = {
			isa = XCBuildConfiguration;
			buildSettings = {
				ASSETCATALOG_COMPILER_APPICON_NAME = AppIcon;
				ASSETCATALOG_COMPILER_GLOBAL_ACCENT_COLOR_NAME = AccentColor;
				CODE_SIGN_STYLE = Automatic;
				CURRENT_PROJECT_VERSION = 1;
				GENERATE_INFOPLIST_FILE = YES;
				INFOPLIST_FILE = News/Resources/Info.plist;
				INFOPLIST_KEY_UIApplicationSupportsIndirectInputEvents = YES;
				INFOPLIST_KEY_UILaunchStoryboardName = LaunchScreen;
				INFOPLIST_KEY_UISupportedInterfaceOrientations_iPad = "UIInterfaceOrientationPortrait UIInterfaceOrientationPortraitUpsideDown UIInterfaceOrientationLandscapeLeft UIInterfaceOrientationLandscapeRight";
				INFOPLIST_KEY_UISupportedInterfaceOrientations_iPhone = "UIInterfaceOrientationPortrait UIInterfaceOrientationLandscapeLeft UIInterfaceOrientationLandscapeRight";
				LD_RUNPATH_SEARCH_PATHS = (
					"$(inherited)",
					"@executable_path/Frameworks",
				);
				MARKETING_VERSION = 1.0;
				PRODUCT_BUNDLE_IDENTIFIER = com.example.News;
				PRODUCT_NAME = "$(TARGET_NAME)";
				SWIFT_EMIT_LOC_STRINGS = YES;
				SWIFT_VERSION = 5.0;
				TARGETED_DEVICE_FAMILY = "1,2";
			};
			name = Release;
		};
/* End XCBuildConfiguration section */

/* Begin XCConfigurationList section */
		33FC596C2AB7999F0008CEB2 /* Build configuration list for PBXProject "News" */ = {
			isa = XCConfigurationList;
			buildConfigurations = (
				33FC59832AB799A20008CEB2 /* Debug */,
				33FC59842AB799A20008CEB2 /* Release */,
			);
			defaultConfigurationIsVisible = 0;
			defaultConfigurationName = Release;
		};
		33FC59852AB799A20008CEB2 /* Build configuration list for PBXNativeTarget "News" */ = {
			isa = XCConfigurationList;
			buildConfigurations = (
				33FC59862AB799A20008CEB2 /* Debug */,
				33FC59872AB799A20008CEB2 /* Release */,
			);
			defaultConfigurationIsVisible = 0;
			defaultConfigurationName = Release;
		};
/* End XCConfigurationList section */

/* Begin XCRemoteSwiftPackageReference section */
		33FC599E2AB79E890008CEB2 /* XCRemoteSwiftPackageReference "lottie-ios" */ = {
			isa = XCRemoteSwiftPackageReference;
			repositoryURL = "https://github.com/airbnb/lottie-ios.git";
			requirement = {
				kind = upToNextMajorVersion;
				minimumVersion = 4.0.0;
			};
		};
		33FC59CA2AB7A3CE0008CEB2 /* XCRemoteSwiftPackageReference "firebase-ios-sdk" */ = {
			isa = XCRemoteSwiftPackageReference;
			repositoryURL = "https://github.com/firebase/firebase-ios-sdk.git";
			requirement = {
				kind = upToNextMajorVersion;
				minimumVersion = 10.0.0;
			};
		};
		33FC59D12AB7A7D80008CEB2 /* XCRemoteSwiftPackageReference "IQKeyboardManager" */ = {
			isa = XCRemoteSwiftPackageReference;
			repositoryURL = "https://github.com/hackiftekhar/IQKeyboardManager.git";
			requirement = {
				kind = upToNextMajorVersion;
				minimumVersion = 6.0.0;
			};
		};
		33FC59D42AB7A7FA0008CEB2 /* XCRemoteSwiftPackageReference "SDWebImage" */ = {
			isa = XCRemoteSwiftPackageReference;
			repositoryURL = "https://github.com/SDWebImage/SDWebImage.git";
			requirement = {
				kind = upToNextMajorVersion;
				minimumVersion = 5.0.0;
			};
		};
		33FC59D72AB7AA130008CEB2 /* XCRemoteSwiftPackageReference "SideMenu" */ = {
			isa = XCRemoteSwiftPackageReference;
			repositoryURL = "https://github.com/jonkykong/SideMenu.git";
			requirement = {
				kind = upToNextMajorVersion;
				minimumVersion = 6.0.0;
			};
		};
/* End XCRemoteSwiftPackageReference section */

/* Begin XCSwiftPackageProductDependency section */
		33FC599F2AB79E890008CEB2 /* Lottie */ = {
			isa = XCSwiftPackageProductDependency;
			package = 33FC599E2AB79E890008CEB2 /* XCRemoteSwiftPackageReference "lottie-ios" */;
			productName = Lottie;
		};
		33FC59CB2AB7A3CE0008CEB2 /* FirebaseAuth */ = {
			isa = XCSwiftPackageProductDependency;
			package = 33FC59CA2AB7A3CE0008CEB2 /* XCRemoteSwiftPackageReference "firebase-ios-sdk" */;
			productName = FirebaseAuth;
		};
		33FC59CD2AB7A3CE0008CEB2 /* FirebaseFirestore */ = {
			isa = XCSwiftPackageProductDependency;
			package = 33FC59CA2AB7A3CE0008CEB2 /* XCRemoteSwiftPackageReference "firebase-ios-sdk" */;
			productName = FirebaseFirestore;
		};
		33FC59D22AB7A7D80008CEB2 /* IQKeyboardManagerSwift */ = {
			isa = XCSwiftPackageProductDependency;
			package = 33FC59D12AB7A7D80008CEB2 /* XCRemoteSwiftPackageReference "IQKeyboardManager" */;
			productName = IQKeyboardManagerSwift;
		};
		33FC59D52AB7A7FA0008CEB2 /* SDWebImage */ = {
			isa = XCSwiftPackageProductDependency;
			package = 33FC59D42AB7A7FA0008CEB2 /* XCRemoteSwiftPackageReference "SDWebImage" */;
			productName = SDWebImage;
		};
		33FC59D82AB7AA130008CEB2 /* SideMenu */ = {
			isa = XCSwiftPackageProductDependency;
			package = 33FC59D72AB7AA130008CEB2 /* XCRemoteSwiftPackageReference "SideMenu" */;
			productName = SideMenu;
		};
/* End XCSwiftPackageProductDependency section */
	};
	rootObject = 33FC59692AB7999F0008CEB2 /* Project object */;
}
